
Microsoft Visual Studio Solution File, Format Version 12.00
# Visual Studio Version 17
VisualStudioVersion = 17.1.32228.430
MinimumVisualStudioVersion = 10.0.40219.1
Project("{FAE04EC0-301F-11D3-BF4B-00C04F79EFBC}") = "MethodResultCaching", "MethodResultCaching\MethodResultCaching.csproj", "{E1659BF6-40B5-4614-BDB8-48159E1AF372}"
EndProject
Global
	GlobalSection(SolutionConfigurationPlatforms) = preSolution
		Debug|Any CPU = Debug|Any CPU
		Release|Any CPU = Release|Any CPU
	EndGlobalSection
	GlobalSection(ProjectConfigurationPlatforms) = postSolution
		{E1659BF6-40B5-4614-BDB8-48159E1AF372}.Debug|Any CPU.ActiveCfg = Debug|Any CPU
		{E1659BF6-40B5-4614-BDB8-48159E1AF372}.Debug|Any CPU.Build.0 = Debug|Any CPU
		{E1659BF6-40B5-4614-BDB8-48159E1AF372}.Release|Any CPU.ActiveCfg = Release|Any CPU
		{E1659BF6-40B5-4614-BDB8-48159E1AF372}.Release|Any CPU.Build.0 = Release|Any CPU
	EndGlobalSection
	GlobalSection(SolutionProperties) = preSolution
		HideSolutionNode = FALSE
	EndGlobalSection
	GlobalSection(ExtensibilityGlobals) = postSolution
		SolutionGuid = {4BEC334F-AE08-4004-9835-0A5086829901}
	EndGlobalSection
EndGlobal
